
Microsoft Visual Studio Solution File, Format Version 12.00
# Visual Studio Version 17
VisualStudioVersion = 17.7.34024.191
MinimumVisualStudioVersion = 10.0.40219.1
Project("{FAE04EC0-301F-11D3-BF4B-00C04F79EFBC}") = "AnotherWorld", "AnotherWorld.csproj", "{6BF0210A-6DD2-4136-8BB3-8050B2F5AAA7}"
EndProject
Global
	GlobalSection(SolutionConfigurationPlatforms) = preSolution
		Debug|Any CPU = Debug|Any CPU
		Release|Any CPU = Release|Any CPU
	EndGlobalSection
	GlobalSection(ProjectConfigurationPlatforms) = postSolution
		{6BF0210A-6DD2-4136-8BB3-8050B2F5AAA7}.Debug|Any CPU.ActiveCfg = Debug|Any CPU
		{6BF0210A-6DD2-4136-8BB3-8050B2F5AAA7}.Debug|Any CPU.Build.0 = Debug|Any CPU
		{6BF0210A-6DD2-4136-8BB3-8050B2F5AAA7}.Release|Any CPU.ActiveCfg = Release|Any CPU
		{6BF0210A-6DD2-4136-8BB3-8050B2F5AAA7}.Release|Any CPU.Build.0 = Release|Any CPU
	EndGlobalSection
	GlobalSection(SolutionProperties) = preSolution
		HideSolutionNode = FALSE
	EndGlobalSection
	GlobalSection(ExtensibilityGlobals) = postSolution
		SolutionGuid = {AF484C94-A046-4A5F-BE82-056A1B518C1D}
	EndGlobalSection
EndGlobal
